
Microsoft Visual Studio Solution File, Format Version 12.00
# Visual Studio Version 17
VisualStudioVersion = 17.2.32630.192
MinimumVisualStudioVersion = 10.0.40219.1
Project("{9A19103F-16F7-4668-BE54-9A1E7A4F7556}") = "XMLTabulka1", "XMLTablulka1\XMLTabulka1.csproj", "{EC395638-C9A5-4868-AD54-5D7C234DDA26}"
EndProject
Project("{9A19103F-16F7-4668-BE54-9A1E7A4F7556}") = "Database", "Database\Database.csproj", "{CC1F4BA3-5E14-42F8-902D-F7D23BB3FD44}"
	ProjectSection(ProjectDependencies) = postProject
		{3393136D-ED91-4C07-BC29-07C34B4DCBB8} = {3393136D-ED91-4C07-BC29-07C34B4DCBB8}
		{EC395638-C9A5-4868-AD54-5D7C234DDA26} = {EC395638-C9A5-4868-AD54-5D7C234DDA26}
	EndProjectSection
EndProject
Project("{9A19103F-16F7-4668-BE54-9A1E7A4F7556}") = "WFForm", "WFForm\WFForm.csproj", "{3393136D-ED91-4C07-BC29-07C34B4DCBB8}"
	ProjectSection(ProjectDependencies) = postProject
		{EC395638-C9A5-4868-AD54-5D7C234DDA26} = {EC395638-C9A5-4868-AD54-5D7C234DDA26}
	EndProjectSection
EndProject
Project("{9A19103F-16F7-4668-BE54-9A1E7A4F7556}") = "LibraryAplikace", "LibraryAplikace\LibraryAplikace.csproj", "{BC2C2319-243E-434B-A011-33DB571F1A1F}"
EndProject
Project("{9A19103F-16F7-4668-BE54-9A1E7A4F7556}") = "Instal", "Instal\Instal.csproj", "{E4D193CD-4855-4ACB-9758-33BC1B26F5D9}"
EndProject
Project("{9A19103F-16F7-4668-BE54-9A1E7A4F7556}") = "Upload", "Upload\Upload.csproj", "{AFD7877B-B21F-40E8-BBFA-AFF00A8038B5}"
EndProject
Project("{54435603-DBB4-11D2-8724-00A0C9A8B90C}") = "Setup", "Setup\Setup.vdproj", "{60369C83-CAEF-442D-8522-96978684BD54}"
EndProject
Global
	GlobalSection(SolutionConfigurationPlatforms) = preSolution
		Debug|Any CPU = Debug|Any CPU
		Debug|x86 = Debug|x86
		Release|Any CPU = Release|Any CPU
		Release|x86 = Release|x86
	EndGlobalSection
	GlobalSection(ProjectConfigurationPlatforms) = postSolution
		{EC395638-C9A5-4868-AD54-5D7C234DDA26}.Debug|Any CPU.ActiveCfg = Debug|Any CPU
		{EC395638-C9A5-4868-AD54-5D7C234DDA26}.Debug|Any CPU.Build.0 = Debug|Any CPU
		{EC395638-C9A5-4868-AD54-5D7C234DDA26}.Debug|x86.ActiveCfg = Debug|Any CPU
		{EC395638-C9A5-4868-AD54-5D7C234DDA26}.Debug|x86.Build.0 = Debug|Any CPU
		{EC395638-C9A5-4868-AD54-5D7C234DDA26}.Release|Any CPU.ActiveCfg = Release|Any CPU
		{EC395638-C9A5-4868-AD54-5D7C234DDA26}.Release|Any CPU.Build.0 = Release|Any CPU
		{EC395638-C9A5-4868-AD54-5D7C234DDA26}.Release|x86.ActiveCfg = Release|Any CPU
		{EC395638-C9A5-4868-AD54-5D7C234DDA26}.Release|x86.Build.0 = Release|Any CPU
		{CC1F4BA3-5E14-42F8-902D-F7D23BB3FD44}.Debug|Any CPU.ActiveCfg = Debug|Any CPU
		{CC1F4BA3-5E14-42F8-902D-F7D23BB3FD44}.Debug|Any CPU.Build.0 = Debug|Any CPU
		{CC1F4BA3-5E14-42F8-902D-F7D23BB3FD44}.Debug|x86.ActiveCfg = Debug|Any CPU
		{CC1F4BA3-5E14-42F8-902D-F7D23BB3FD44}.Debug|x86.Build.0 = Debug|Any CPU
		{CC1F4BA3-5E14-42F8-902D-F7D23BB3FD44}.Release|Any CPU.ActiveCfg = Release|Any CPU
		{CC1F4BA3-5E14-42F8-902D-F7D23BB3FD44}.Release|Any CPU.Build.0 = Release|Any CPU
		{CC1F4BA3-5E14-42F8-902D-F7D23BB3FD44}.Release|x86.ActiveCfg = Release|Any CPU
		{CC1F4BA3-5E14-42F8-902D-F7D23BB3FD44}.Release|x86.Build.0 = Release|Any CPU
		{3393136D-ED91-4C07-BC29-07C34B4DCBB8}.Debug|Any CPU.ActiveCfg = Debug|Any CPU
		{3393136D-ED91-4C07-BC29-07C34B4DCBB8}.Debug|Any CPU.Build.0 = Debug|Any CPU
		{3393136D-ED91-4C07-BC29-07C34B4DCBB8}.Debug|x86.ActiveCfg = Debug|Any CPU
		{3393136D-ED91-4C07-BC29-07C34B4DCBB8}.Debug|x86.Build.0 = Debug|Any CPU
		{3393136D-ED91-4C07-BC29-07C34B4DCBB8}.Release|Any CPU.ActiveCfg = Release|Any CPU
		{3393136D-ED91-4C07-BC29-07C34B4DCBB8}.Release|Any CPU.Build.0 = Release|Any CPU
		{3393136D-ED91-4C07-BC29-07C34B4DCBB8}.Release|x86.ActiveCfg = Release|Any CPU
		{3393136D-ED91-4C07-BC29-07C34B4DCBB8}.Release|x86.Build.0 = Release|Any CPU
		{BC2C2319-243E-434B-A011-33DB571F1A1F}.Debug|Any CPU.ActiveCfg = Debug|Any CPU
		{BC2C2319-243E-434B-A011-33DB571F1A1F}.Debug|Any CPU.Build.0 = Debug|Any CPU
		{BC2C2319-243E-434B-A011-33DB571F1A1F}.Debug|x86.ActiveCfg = Debug|Any CPU
		{BC2C2319-243E-434B-A011-33DB571F1A1F}.Debug|x86.Build.0 = Debug|Any CPU
		{BC2C2319-243E-434B-A011-33DB571F1A1F}.Release|Any CPU.ActiveCfg = Release|Any CPU
		{BC2C2319-243E-434B-A011-33DB571F1A1F}.Release|Any CPU.Build.0 = Release|Any CPU
		{BC2C2319-243E-434B-A011-33DB571F1A1F}.Release|x86.ActiveCfg = Release|Any CPU
		{BC2C2319-243E-434B-A011-33DB571F1A1F}.Release|x86.Build.0 = Release|Any CPU
		{E4D193CD-4855-4ACB-9758-33BC1B26F5D9}.Debug|Any CPU.ActiveCfg = Debug|Any CPU
		{E4D193CD-4855-4ACB-9758-33BC1B26F5D9}.Debug|Any CPU.Build.0 = Debug|Any CPU
		{E4D193CD-4855-4ACB-9758-33BC1B26F5D9}.Debug|x86.ActiveCfg = Debug|Any CPU
		{E4D193CD-4855-4ACB-9758-33BC1B26F5D9}.Debug|x86.Build.0 = Debug|Any CPU
		{E4D193CD-4855-4ACB-9758-33BC1B26F5D9}.Release|Any CPU.ActiveCfg = Release|Any CPU
		{E4D193CD-4855-4ACB-9758-33BC1B26F5D9}.Release|Any CPU.Build.0 = Release|Any CPU
		{E4D193CD-4855-4ACB-9758-33BC1B26F5D9}.Release|x86.ActiveCfg = Release|Any CPU
		{E4D193CD-4855-4ACB-9758-33BC1B26F5D9}.Release|x86.Build.0 = Release|Any CPU
		{AFD7877B-B21F-40E8-BBFA-AFF00A8038B5}.Debug|Any CPU.ActiveCfg = Debug|Any CPU
		{AFD7877B-B21F-40E8-BBFA-AFF00A8038B5}.Debug|Any CPU.Build.0 = Debug|Any CPU
		{AFD7877B-B21F-40E8-BBFA-AFF00A8038B5}.Debug|x86.ActiveCfg = Debug|Any CPU
		{AFD7877B-B21F-40E8-BBFA-AFF00A8038B5}.Debug|x86.Build.0 = Debug|Any CPU
		{AFD7877B-B21F-40E8-BBFA-AFF00A8038B5}.Release|Any CPU.ActiveCfg = Release|Any CPU
		{AFD7877B-B21F-40E8-BBFA-AFF00A8038B5}.Release|Any CPU.Build.0 = Release|Any CPU
		{AFD7877B-B21F-40E8-BBFA-AFF00A8038B5}.Release|x86.ActiveCfg = Release|Any CPU
		{AFD7877B-B21F-40E8-BBFA-AFF00A8038B5}.Release|x86.Build.0 = Release|Any CPU
		{60369C83-CAEF-442D-8522-96978684BD54}.Debug|Any CPU.ActiveCfg = Debug
		{60369C83-CAEF-442D-8522-96978684BD54}.Debug|x86.ActiveCfg = Debug
		{60369C83-CAEF-442D-8522-96978684BD54}.Debug|x86.Build.0 = Debug
		{60369C83-CAEF-442D-8522-96978684BD54}.Release|Any CPU.ActiveCfg = Release
		{60369C83-CAEF-442D-8522-96978684BD54}.Release|x86.ActiveCfg = Release
		{60369C83-CAEF-442D-8522-96978684BD54}.Release|x86.Build.0 = Release
	EndGlobalSection
	GlobalSection(SolutionProperties) = preSolution
		HideSolutionNode = FALSE
	EndGlobalSection
	GlobalSection(ExtensibilityGlobals) = postSolution
		SolutionGuid = {E219DF1C-DBC8-44E9-A75A-1C07FD04587C}
	EndGlobalSection
EndGlobal
